// !$*UTF8*$!
{
	archiveVersion = 1;
	classes = {
	};
	objectVersion = 56;
	objects = {

/* Begin PBXBuildFile section */
		046EF87D2997A06200EB305B /* SignUpViewController.swift in Sources */ = {isa = PBXBuildFile; fileRef = 046EF87C2997A06200EB305B /* SignUpViewController.swift */; };
		046EF8802997AE6300EB305B /* TabBarController.swift in Sources */ = {isa = PBXBuildFile; fileRef = 046EF87F2997AE6300EB305B /* TabBarController.swift */; };
		046EF8832997B4BD00EB305B /* SignInView.swift in Sources */ = {isa = PBXBuildFile; fileRef = 046EF8822997B4BD00EB305B /* SignInView.swift */; };
		046EF8852997B54600EB305B /* Extensions.swift in Sources */ = {isa = PBXBuildFile; fileRef = 046EF8842997B54600EB305B /* Extensions.swift */; };
		046EF8872997B60A00EB305B /* SignInViewViewModel.swift in Sources */ = {isa = PBXBuildFile; fileRef = 046EF8862997B60A00EB305B /* SignInViewViewModel.swift */; };
		04AFE38F299798C60037DB3C /* AppDelegate.swift in Sources */ = {isa = PBXBuildFile; fileRef = 04AFE38E299798C60037DB3C /* AppDelegate.swift */; };
		04AFE391299798C60037DB3C /* SceneDelegate.swift in Sources */ = {isa = PBXBuildFile; fileRef = 04AFE390299798C60037DB3C /* SceneDelegate.swift */; };
		04AFE393299798C60037DB3C /* SignInViewController.swift in Sources */ = {isa = PBXBuildFile; fileRef = 04AFE392299798C60037DB3C /* SignInViewController.swift */; };
		04AFE398299798C80037DB3C /* Assets.xcassets in Resources */ = {isa = PBXBuildFile; fileRef = 04AFE397299798C80037DB3C /* Assets.xcassets */; };
		04AFE39B299798C80037DB3C /* LaunchScreen.storyboard in Resources */ = {isa = PBXBuildFile; fileRef = 04AFE399299798C80037DB3C /* LaunchScreen.storyboard */; };
/* End PBXBuildFile section */

/* Begin PBXFileReference section */
		046EF87C2997A06200EB305B /* SignUpViewController.swift */ = {isa = PBXFileReference; lastKnownFileType = sourcecode.swift; path = SignUpViewController.swift; sourceTree = "<group>"; };
		046EF87F2997AE6300EB305B /* TabBarController.swift */ = {isa = PBXFileReference; lastKnownFileType = sourcecode.swift; path = TabBarController.swift; sourceTree = "<group>"; };
		046EF8822997B4BD00EB305B /* SignInView.swift */ = {isa = PBXFileReference; lastKnownFileType = sourcecode.swift; path = SignInView.swift; sourceTree = "<group>"; };
		046EF8842997B54600EB305B /* Extensions.swift */ = {isa = PBXFileReference; lastKnownFileType = sourcecode.swift; path = Extensions.swift; sourceTree = "<group>"; };
		046EF8862997B60A00EB305B /* SignInViewViewModel.swift */ = {isa = PBXFileReference; lastKnownFileType = sourcecode.swift; path = SignInViewViewModel.swift; sourceTree = "<group>"; };
		04AFE38B299798C60037DB3C /* BR.app */ = {isa = PBXFileReference; explicitFileType = wrapper.application; includeInIndex = 0; path = BR.app; sourceTree = BUILT_PRODUCTS_DIR; };
		04AFE38E299798C60037DB3C /* AppDelegate.swift */ = {isa = PBXFileReference; lastKnownFileType = sourcecode.swift; path = AppDelegate.swift; sourceTree = "<group>"; };
		04AFE390299798C60037DB3C /* SceneDelegate.swift */ = {isa = PBXFileReference; lastKnownFileType = sourcecode.swift; path = SceneDelegate.swift; sourceTree = "<group>"; };
		04AFE392299798C60037DB3C /* SignInViewController.swift */ = {isa = PBXFileReference; lastKnownFileType = sourcecode.swift; path = SignInViewController.swift; sourceTree = "<group>"; };
		04AFE397299798C80037DB3C /* Assets.xcassets */ = {isa = PBXFileReference; lastKnownFileType = folder.assetcatalog; path = Assets.xcassets; sourceTree = "<group>"; };
		04AFE39A299798C80037DB3C /* Base */ = {isa = PBXFileReference; lastKnownFileType = file.storyboard; name = Base; path = Base.lproj/LaunchScreen.storyboard; sourceTree = "<group>"; };
		04AFE39C299798C80037DB3C /* Info.plist */ = {isa = PBXFileReference; lastKnownFileType = text.plist.xml; path = Info.plist; sourceTree = "<group>"; };
/* End PBXFileReference section */

/* Begin PBXFrameworksBuildPhase section */
		04AFE388299798C60037DB3C /* Frameworks */ = {
			isa = PBXFrameworksBuildPhase;
			buildActionMask = 2147483647;
			files = (
			);
			runOnlyForDeploymentPostprocessing = 0;
		};
/* End PBXFrameworksBuildPhase section */

/* Begin PBXGroup section */
		046EF87429979E0200EB305B /* Controllers */ = {
			isa = PBXGroup;
			children = (
				046EF87B2997A02100EB305B /* Auth */,
				046EF87E2997AE3300EB305B /* Core */,
			);
			path = Controllers;
			sourceTree = "<group>";
		};
		046EF87529979E0C00EB305B /* Views */ = {
			isa = PBXGroup;
			children = (
				046EF8812997B49B00EB305B /* AuthViews */,
			);
			path = Views;
			sourceTree = "<group>";
		};
		046EF87629979E1600EB305B /* Models */ = {
			isa = PBXGroup;
			children = (
			);
			path = Models;
			sourceTree = "<group>";
		};
		046EF87729979E1D00EB305B /* ViewModels */ = {
			isa = PBXGroup;
			children = (
				046EF8862997B60A00EB305B /* SignInViewViewModel.swift */,
			);
			path = ViewModels;
			sourceTree = "<group>";
		};
		046EF87829979E2900EB305B /* APIClient */ = {
			isa = PBXGroup;
			children = (
			);
			path = APIClient;
			sourceTree = "<group>";
		};
		046EF87929979E3F00EB305B /* Managers */ = {
			isa = PBXGroup;
			children = (
			);
			path = Managers;
			sourceTree = "<group>";
		};
		046EF87A29979E4C00EB305B /* Resources */ = {
			isa = PBXGroup;
			children = (
				04AFE38E299798C60037DB3C /* AppDelegate.swift */,
				04AFE390299798C60037DB3C /* SceneDelegate.swift */,
				04AFE397299798C80037DB3C /* Assets.xcassets */,
				04AFE399299798C80037DB3C /* LaunchScreen.storyboard */,
				046EF8842997B54600EB305B /* Extensions.swift */,
			);
			path = Resources;
			sourceTree = "<group>";
		};
		046EF87B2997A02100EB305B /* Auth */ = {
			isa = PBXGroup;
			children = (
				04AFE392299798C60037DB3C /* SignInViewController.swift */,
				046EF87C2997A06200EB305B /* SignUpViewController.swift */,
			);
			path = Auth;
			sourceTree = "<group>";
		};
		046EF87E2997AE3300EB305B /* Core */ = {
			isa = PBXGroup;
			children = (
				046EF87F2997AE6300EB305B /* TabBarController.swift */,
			);
			path = Core;
			sourceTree = "<group>";
		};
		046EF8812997B49B00EB305B /* AuthViews */ = {
			isa = PBXGroup;
			children = (
				046EF8822997B4BD00EB305B /* SignInView.swift */,
			);
			path = AuthViews;
			sourceTree = "<group>";
		};
		04AFE382299798C60037DB3C = {
			isa = PBXGroup;
			children = (
				04AFE38D299798C60037DB3C /* BR */,
				04AFE38C299798C60037DB3C /* Products */,
			);
			sourceTree = "<group>";
		};
		04AFE38C299798C60037DB3C /* Products */ = {
			isa = PBXGroup;
			children = (
				04AFE38B299798C60037DB3C /* BR.app */,
			);
			name = Products;
			sourceTree = "<group>";
		};
		04AFE38D299798C60037DB3C /* BR */ = {
			isa = PBXGroup;
			children = (
				046EF87A29979E4C00EB305B /* Resources */,
				046EF87929979E3F00EB305B /* Managers */,
				046EF87829979E2900EB305B /* APIClient */,
				046EF87729979E1D00EB305B /* ViewModels */,
				046EF87629979E1600EB305B /* Models */,
				046EF87529979E0C00EB305B /* Views */,
				046EF87429979E0200EB305B /* Controllers */,
				04AFE39C299798C80037DB3C /* Info.plist */,
			);
			path = BR;
			sourceTree = "<group>";
		};
/* End PBXGroup section */

/* Begin PBXNativeTarget section */
		04AFE38A299798C60037DB3C /* BR */ = {
			isa = PBXNativeTarget;
			buildConfigurationList = 04AFE39F299798C80037DB3C /* Build configuration list for PBXNativeTarget "BR" */;
			buildPhases = (
				04AFE387299798C60037DB3C /* Sources */,
				04AFE388299798C60037DB3C /* Frameworks */,
				04AFE389299798C60037DB3C /* Resources */,
			);
			buildRules = (
			);
			dependencies = (
			);
			name = BR;
			productName = BR;
			productReference = 04AFE38B299798C60037DB3C /* BR.app */;
			productType = "com.apple.product-type.application";
		};
/* End PBXNativeTarget section */

/* Begin PBXProject section */
		04AFE383299798C60037DB3C /* Project object */ = {
			isa = PBXProject;
			attributes = {
				BuildIndependentTargetsInParallel = 1;
				LastSwiftUpdateCheck = 1410;
				LastUpgradeCheck = 1410;
				TargetAttributes = {
					04AFE38A299798C60037DB3C = {
						CreatedOnToolsVersion = 14.1;
					};
				};
			};
			buildConfigurationList = 04AFE386299798C60037DB3C /* Build configuration list for PBXProject "BR" */;
			compatibilityVersion = "Xcode 14.0";
			developmentRegion = en;
			hasScannedForEncodings = 0;
			knownRegions = (
				en,
				Base,
			);
			mainGroup = 04AFE382299798C60037DB3C;
			productRefGroup = 04AFE38C299798C60037DB3C /* Products */;
			projectDirPath = "";
			projectRoot = "";
			targets = (
				04AFE38A299798C60037DB3C /* BR */,
			);
		};
/* End PBXProject section */

/* Begin PBXResourcesBuildPhase section */
		04AFE389299798C60037DB3C /* Resources */ = {
			isa = PBXResourcesBuildPhase;
			buildActionMask = 2147483647;
			files = (
				04AFE39B299798C80037DB3C /* LaunchScreen.storyboard in Resources */,
				04AFE398299798C80037DB3C /* Assets.xcassets in Resources */,
			);
			runOnlyForDeploymentPostprocessing = 0;
		};
/* End PBXResourcesBuildPhase section */

/* Begin PBXSourcesBuildPhase section */
		04AFE387299798C60037DB3C /* Sources */ = {
			isa = PBXSourcesBuildPhase;
			buildActionMask = 2147483647;
			files = (
				046EF8832997B4BD00EB305B /* SignInView.swift in Sources */,
				04AFE393299798C60037DB3C /* SignInViewController.swift in Sources */,
				04AFE38F299798C60037DB3C /* AppDelegate.swift in Sources */,
				046EF87D2997A06200EB305B /* SignUpViewController.swift in Sources */,
				046EF8872997B60A00EB305B /* SignInViewViewModel.swift in Sources */,
				046EF8802997AE6300EB305B /* TabBarController.swift in Sources */,
				04AFE391299798C60037DB3C /* SceneDelegate.swift in Sources */,
				046EF8852997B54600EB305B /* Extensions.swift in Sources */,
			);
			runOnlyForDeploymentPostprocessing = 0;
		};
/* End PBXSourcesBuildPhase section */

/* Begin PBXVariantGroup section */
		04AFE399299798C80037DB3C /* LaunchScreen.storyboard */ = {
			isa = PBXVariantGroup;
			children = (
				04AFE39A299798C80037DB3C /* Base */,
			);
			name = LaunchScreen.storyboard;
			sourceTree = "<group>";
		};
/* End PBXVariantGroup section */

/* Begin XCBuildConfiguration section */
		04AFE39D299798C80037DB3C /* Debug */ = {
			isa = XCBuildConfiguration;
			buildSettings = {
				ALWAYS_SEARCH_USER_PATHS = NO;
				CLANG_ANALYZER_NONNULL = YES;
				CLANG_ANALYZER_NUMBER_OBJECT_CONVERSION = YES_AGGRESSIVE;
				CLANG_CXX_LANGUAGE_STANDARD = "gnu++20";
				CLANG_ENABLE_MODULES = YES;
				CLANG_ENABLE_OBJC_ARC = YES;
				CLANG_ENABLE_OBJC_WEAK = YES;
				CLANG_WARN_BLOCK_CAPTURE_AUTORELEASING = YES;
				CLANG_WARN_BOOL_CONVERSION = YES;
				CLANG_WARN_COMMA = YES;
				CLANG_WARN_CONSTANT_CONVERSION = YES;
				CLANG_WARN_DEPRECATED_OBJC_IMPLEMENTATIONS = YES;
				CLANG_WARN_DIRECT_OBJC_ISA_USAGE = YES_ERROR;
				CLANG_WARN_DOCUMENTATION_COMMENTS = YES;
				CLANG_WARN_EMPTY_BODY = YES;
				CLANG_WARN_ENUM_CONVERSION = YES;
				CLANG_WARN_INFINITE_RECURSION = YES;
				CLANG_WARN_INT_CONVERSION = YES;
				CLANG_WARN_NON_LITERAL_NULL_CONVERSION = YES;
				CLANG_WARN_OBJC_IMPLICIT_RETAIN_SELF = YES;
				CLANG_WARN_OBJC_LITERAL_CONVERSION = YES;
				CLANG_WARN_OBJC_ROOT_CLASS = YES_ERROR;
				CLANG_WARN_QUOTED_INCLUDE_IN_FRAMEWORK_HEADER = YES;
				CLANG_WARN_RANGE_LOOP_ANALYSIS = YES;
				CLANG_WARN_STRICT_PROTOTYPES = YES;
				CLANG_WARN_SUSPICIOUS_MOVE = YES;
				CLANG_WARN_UNGUARDED_AVAILABILITY = YES_AGGRESSIVE;
				CLANG_WARN_UNREACHABLE_CODE = YES;
				CLANG_WARN__DUPLICATE_METHOD_MATCH = YES;
				COPY_PHASE_STRIP = NO;
				DEBUG_INFORMATION_FORMAT = dwarf;
				ENABLE_STRICT_OBJC_MSGSEND = YES;
				ENABLE_TESTABILITY = YES;
				GCC_C_LANGUAGE_STANDARD = gnu11;
				GCC_DYNAMIC_NO_PIC = NO;
				GCC_NO_COMMON_BLOCKS = YES;
				GCC_OPTIMIZATION_LEVEL = 0;
				GCC_PREPROCESSOR_DEFINITIONS = (
					"DEBUG=1",
					"$(inherited)",
				);
				GCC_WARN_64_TO_32_BIT_CONVERSION = YES;
				GCC_WARN_ABOUT_RETURN_TYPE = YES_ERROR;
				GCC_WARN_UNDECLARED_SELECTOR = YES;
				GCC_WARN_UNINITIALIZED_AUTOS = YES_AGGRESSIVE;
				GCC_WARN_UNUSED_FUNCTION = YES;
				GCC_WARN_UNUSED_VARIABLE = YES;
				IPHONEOS_DEPLOYMENT_TARGET = 16.1;
				MTL_ENABLE_DEBUG_INFO = INCLUDE_SOURCE;
				MTL_FAST_MATH = YES;
				ONLY_ACTIVE_ARCH = YES;
				SDKROOT = iphoneos;
				SWIFT_ACTIVE_COMPILATION_CONDITIONS = DEBUG;
				SWIFT_OPTIMIZATION_LEVEL = "-Onone";
			};
			name = Debug;
		};
		04AFE39E299798C80037DB3C /* Release */ = {
			isa = XCBuildConfiguration;
			buildSettings = {
				ALWAYS_SEARCH_USER_PATHS = NO;
				CLANG_ANALYZER_NONNULL = YES;
				CLANG_ANALYZER_NUMBER_OBJECT_CONVERSION = YES_AGGRESSIVE;
				CLANG_CXX_LANGUAGE_STANDARD = "gnu++20";
				CLANG_ENABLE_MODULES = YES;
				CLANG_ENABLE_OBJC_ARC = YES;
				CLANG_ENABLE_OBJC_WEAK = YES;
				CLANG_WARN_BLOCK_CAPTURE_AUTORELEASING = YES;
				CLANG_WARN_BOOL_CONVERSION = YES;
				CLANG_WARN_COMMA = YES;
				CLANG_WARN_CONSTANT_CONVERSION = YES;
				CLANG_WARN_DEPRECATED_OBJC_IMPLEMENTATIONS = YES;
				CLANG_WARN_DIRECT_OBJC_ISA_USAGE = YES_ERROR;
				CLANG_WARN_DOCUMENTATION_COMMENTS = YES;
				CLANG_WARN_EMPTY_BODY = YES;
				CLANG_WARN_ENUM_CONVERSION = YES;
				CLANG_WARN_INFINITE_RECURSION = YES;
				CLANG_WARN_INT_CONVERSION = YES;
				CLANG_WARN_NON_LITERAL_NULL_CONVERSION = YES;
				CLANG_WARN_OBJC_IMPLICIT_RETAIN_SELF = YES;
				CLANG_WARN_OBJC_LITERAL_CONVERSION = YES;
				CLANG_WARN_OBJC_ROOT_CLASS = YES_ERROR;
				CLANG_WARN_QUOTED_INCLUDE_IN_FRAMEWORK_HEADER = YES;
				CLANG_WARN_RANGE_LOOP_ANALYSIS = YES;
				CLANG_WARN_STRICT_PROTOTYPES = YES;
				CLANG_WARN_SUSPICIOUS_MOVE = YES;
				CLANG_WARN_UNGUARDED_AVAILABILITY = YES_AGGRESSIVE;
				CLANG_WARN_UNREACHABLE_CODE = YES;
				CLANG_WARN__DUPLICATE_METHOD_MATCH = YES;
				COPY_PHASE_STRIP = NO;
				DEBUG_INFORMATION_FORMAT = "dwarf-with-dsym";
				ENABLE_NS_ASSERTIONS = NO;
				ENABLE_STRICT_OBJC_MSGSEND = YES;
				GCC_C_LANGUAGE_STANDARD = gnu11;
				GCC_NO_COMMON_BLOCKS = YES;
				GCC_WARN_64_TO_32_BIT_CONVERSION = YES;
				GCC_WARN_ABOUT_RETURN_TYPE = YES_ERROR;
				GCC_WARN_UNDECLARED_SELECTOR = YES;
				GCC_WARN_UNINITIALIZED_AUTOS = YES_AGGRESSIVE;
				GCC_WARN_UNUSED_FUNCTION = YES;
				GCC_WARN_UNUSED_VARIABLE = YES;
				IPHONEOS_DEPLOYMENT_TARGET = 16.1;
				MTL_ENABLE_DEBUG_INFO = NO;
				MTL_FAST_MATH = YES;
				SDKROOT = iphoneos;
				SWIFT_COMPILATION_MODE = wholemodule;
				SWIFT_OPTIMIZATION_LEVEL = "-O";
				VALIDATE_PRODUCT = YES;
			};
			name = Release;
		};
		04AFE3A0299798C80037DB3C /* Debug */ = {
			isa = XCBuildConfiguration;
			buildSettings = {
				ASSETCATALOG_COMPILER_APPICON_NAME = AppIcon;
				ASSETCATALOG_COMPILER_GLOBAL_ACCENT_COLOR_NAME = AccentColor;
				CODE_SIGN_STYLE = Automatic;
				CURRENT_PROJECT_VERSION = 1;
				DEVELOPMENT_TEAM = A3S62WLAUQ;
				GENERATE_INFOPLIST_FILE = YES;
				INFOPLIST_FILE = BR/Info.plist;
				INFOPLIST_KEY_LSApplicationCategoryType = "public.app-category.business";
				INFOPLIST_KEY_UIApplicationSupportsIndirectInputEvents = YES;
				INFOPLIST_KEY_UILaunchStoryboardName = LaunchScreen;
				INFOPLIST_KEY_UISupportedInterfaceOrientations = UIInterfaceOrientationPortrait;
				INFOPLIST_KEY_UISupportedInterfaceOrientations_iPad = "UIInterfaceOrientationLandscapeLeft UIInterfaceOrientationLandscapeRight UIInterfaceOrientationPortrait UIInterfaceOrientationPortraitUpsideDown";
				IPHONEOS_DEPLOYMENT_TARGET = 15.0;
				LD_RUNPATH_SEARCH_PATHS = (
					"$(inherited)",
					"@executable_path/Frameworks",
				);
				MARKETING_VERSION = 1.0;
				PRODUCT_BUNDLE_IDENTIFIER = GD.BR;
				PRODUCT_NAME = "$(TARGET_NAME)";
				SUPPORTED_PLATFORMS = "iphoneos iphonesimulator";
				SUPPORTS_MACCATALYST = NO;
				SUPPORTS_MAC_DESIGNED_FOR_IPHONE_IPAD = NO;
				SWIFT_EMIT_LOC_STRINGS = YES;
				SWIFT_VERSION = 5.0;
				TARGETED_DEVICE_FAMILY = "1,2";
			};
			name = Debug;
		};
		04AFE3A1299798C80037DB3C /* Release */ = {
			isa = XCBuildConfiguration;
			buildSettings = {
				ASSETCATALOG_COMPILER_APPICON_NAME = AppIcon;
				ASSETCATALOG_COMPILER_GLOBAL_ACCENT_COLOR_NAME = AccentColor;
				CODE_SIGN_STYLE = Automatic;
				CURRENT_PROJECT_VERSION = 1;
				DEVELOPMENT_TEAM = A3S62WLAUQ;
				GENERATE_INFOPLIST_FILE = YES;
				INFOPLIST_FILE = BR/Info.plist;
				INFOPLIST_KEY_LSApplicationCategoryType = "public.app-category.business";
				INFOPLIST_KEY_UIApplicationSupportsIndirectInputEvents = YES;
				INFOPLIST_KEY_UILaunchStoryboardName = LaunchScreen;
				INFOPLIST_KEY_UISupportedInterfaceOrientations = UIInterfaceOrientationPortrait;
				INFOPLIST_KEY_UISupportedInterfaceOrientations_iPad = "UIInterfaceOrientationLandscapeLeft UIInterfaceOrientationLandscapeRight UIInterfaceOrientationPortrait UIInterfaceOrientationPortraitUpsideDown";
				IPHONEOS_DEPLOYMENT_TARGET = 15.0;
				LD_RUNPATH_SEARCH_PATHS = (
					"$(inherited)",
					"@executable_path/Frameworks",
				);
				MARKETING_VERSION = 1.0;
				PRODUCT_BUNDLE_IDENTIFIER = GD.BR;
				PRODUCT_NAME = "$(TARGET_NAME)";
				SUPPORTED_PLATFORMS = "iphoneos iphonesimulator";
				SUPPORTS_MACCATALYST = NO;
				SUPPORTS_MAC_DESIGNED_FOR_IPHONE_IPAD = NO;
				SWIFT_EMIT_LOC_STRINGS = YES;
				SWIFT_VERSION = 5.0;
				TARGETED_DEVICE_FAMILY = "1,2";
			};
			name = Release;
		};
/* End XCBuildConfiguration section */

/* Begin XCConfigurationList section */
		04AFE386299798C60037DB3C /* Build configuration list for PBXProject "BR" */ = {
			isa = XCConfigurationList;
			buildConfigurations = (
				04AFE39D299798C80037DB3C /* Debug */,
				04AFE39E299798C80037DB3C /* Release */,
			);
			defaultConfigurationIsVisible = 0;
			defaultConfigurationName = Release;
		};
		04AFE39F299798C80037DB3C /* Build configuration list for PBXNativeTarget "BR" */ = {
			isa = XCConfigurationList;
			buildConfigurations = (
				04AFE3A0299798C80037DB3C /* Debug */,
				04AFE3A1299798C80037DB3C /* Release */,
			);
			defaultConfigurationIsVisible = 0;
			defaultConfigurationName = Release;
		};
/* End XCConfigurationList section */
	};
	rootObject = 04AFE383299798C60037DB3C /* Project object */;
}
